
Microsoft Visual Studio Solution File, Format Version 12.00
# Visual Studio Version 17
VisualStudioVersion = 17.0.31903.59
MinimumVisualStudioVersion = 10.0.40219.1
Project("{2150E333-8FDC-42A3-9474-1A3956D46DE8}") = "src", "src", "{827E0CD3-B72D-47B6-A68D-7590B98EB39B}"
EndProject
Project("{FAE04EC0-301F-11D3-BF4B-00C04F79EFBC}") = "LightRAG.Core", "src\LightRAG.Core\LightRAG.Core.csproj", "{16CB14FC-816C-42E2-B1DB-0C6525F5BF77}"
EndProject
Project("{FAE04EC0-301F-11D3-BF4B-00C04F79EFBC}") = "LightRAG.Storage.FileBased", "src\LightRAG.Storage.FileBased\LightRAG.Storage.FileBased.csproj", "{7EF64E47-5888-4A9C-AE1C-94706F9BFE03}"
EndProject
Project("{FAE04EC0-301F-11D3-BF4B-00C04F79EFBC}") = "LightRAG.Providers.Ollama", "src\LightRAG.Providers.Ollama\LightRAG.Providers.Ollama.csproj", "{5BAA84E9-2B3F-42AD-B534-647ABEF82862}"
EndProject
Project("{FAE04EC0-301F-11D3-BF4B-00C04F79EFBC}") = "LightRAG.Core.Tests", "tests\LightRAG.Core.Tests\LightRAG.Core.Tests.csproj", "{C96E4BE4-0592-4BB8-9C16-E949425FA74C}"
EndProject
Project("{FAE04EC0-301F-11D3-BF4B-00C04F79EFBC}") = "LightRAG.Sample", "samples\LightRAG.Sample\LightRAG.Sample.csproj", "{4AC59902-E086-482E-9630-DB03CFEA9F0F}"
EndProject
Project("{2150E333-8FDC-42A3-9474-1A3956D46DE8}") = "samples", "samples", "{5D20AA90-6969-D8BD-9DCD-8634F4692FDA}"
EndProject
Project("{FAE04EC0-301F-11D3-BF4B-00C04F79EFBC}") = "LightRAG.Benchmark", "samples\LightRAG.Benchmark\LightRAG.Benchmark.csproj", "{736567F2-C8E4-469A-A427-0C519A199D73}"
EndProject
Global
	GlobalSection(SolutionConfigurationPlatforms) = preSolution
		Debug|Any CPU = Debug|Any CPU
		Debug|x64 = Debug|x64
		Debug|x86 = Debug|x86
		Release|Any CPU = Release|Any CPU
		Release|x64 = Release|x64
		Release|x86 = Release|x86
	EndGlobalSection
	GlobalSection(ProjectConfigurationPlatforms) = postSolution
		{16CB14FC-816C-42E2-B1DB-0C6525F5BF77}.Debug|Any CPU.ActiveCfg = Debug|Any CPU
		{16CB14FC-816C-42E2-B1DB-0C6525F5BF77}.Debug|Any CPU.Build.0 = Debug|Any CPU
		{16CB14FC-816C-42E2-B1DB-0C6525F5BF77}.Debug|x64.ActiveCfg = Debug|Any CPU
		{16CB14FC-816C-42E2-B1DB-0C6525F5BF77}.Debug|x64.Build.0 = Debug|Any CPU
		{16CB14FC-816C-42E2-B1DB-0C6525F5BF77}.Debug|x86.ActiveCfg = Debug|Any CPU
		{16CB14FC-816C-42E2-B1DB-0C6525F5BF77}.Debug|x86.Build.0 = Debug|Any CPU
		{16CB14FC-816C-42E2-B1DB-0C6525F5BF77}.Release|Any CPU.ActiveCfg = Release|Any CPU
		{16CB14FC-816C-42E2-B1DB-0C6525F5BF77}.Release|Any CPU.Build.0 = Release|Any CPU
		{16CB14FC-816C-42E2-B1DB-0C6525F5BF77}.Release|x64.ActiveCfg = Release|Any CPU
		{16CB14FC-816C-42E2-B1DB-0C6525F5BF77}.Release|x64.Build.0 = Release|Any CPU
		{16CB14FC-816C-42E2-B1DB-0C6525F5BF77}.Release|x86.ActiveCfg = Release|Any CPU
		{16CB14FC-816C-42E2-B1DB-0C6525F5BF77}.Release|x86.Build.0 = Release|Any CPU
		{7EF64E47-5888-4A9C-AE1C-94706F9BFE03}.Debug|Any CPU.ActiveCfg = Debug|Any CPU
		{7EF64E47-5888-4A9C-AE1C-94706F9BFE03}.Debug|Any CPU.Build.0 = Debug|Any CPU
		{7EF64E47-5888-4A9C-AE1C-94706F9BFE03}.Debug|x64.ActiveCfg = Debug|Any CPU
		{7EF64E47-5888-4A9C-AE1C-94706F9BFE03}.Debug|x64.Build.0 = Debug|Any CPU
		{7EF64E47-5888-4A9C-AE1C-94706F9BFE03}.Debug|x86.ActiveCfg = Debug|Any CPU
		{7EF64E47-5888-4A9C-AE1C-94706F9BFE03}.Debug|x86.Build.0 = Debug|Any CPU
		{7EF64E47-5888-4A9C-AE1C-94706F9BFE03}.Release|Any CPU.ActiveCfg = Release|Any CPU
		{7EF64E47-5888-4A9C-AE1C-94706F9BFE03}.Release|Any CPU.Build.0 = Release|Any CPU
		{7EF64E47-5888-4A9C-AE1C-94706F9BFE03}.Release|x64.ActiveCfg = Release|Any CPU
		{7EF64E47-5888-4A9C-AE1C-94706F9BFE03}.Release|x64.Build.0 = Release|Any CPU
		{7EF64E47-5888-4A9C-AE1C-94706F9BFE03}.Release|x86.ActiveCfg = Release|Any CPU
		{7EF64E47-5888-4A9C-AE1C-94706F9BFE03}.Release|x86.Build.0 = Release|Any CPU
		{5BAA84E9-2B3F-42AD-B534-647ABEF82862}.Debug|Any CPU.ActiveCfg = Debug|Any CPU
		{5BAA84E9-2B3F-42AD-B534-647ABEF82862}.Debug|Any CPU.Build.0 = Debug|Any CPU
		{5BAA84E9-2B3F-42AD-B534-647ABEF82862}.Debug|x64.ActiveCfg = Debug|Any CPU
		{5BAA84E9-2B3F-42AD-B534-647ABEF82862}.Debug|x64.Build.0 = Debug|Any CPU
		{5BAA84E9-2B3F-42AD-B534-647ABEF82862}.Debug|x86.ActiveCfg = Debug|Any CPU
		{5BAA84E9-2B3F-42AD-B534-647ABEF82862}.Debug|x86.Build.0 = Debug|Any CPU
		{5BAA84E9-2B3F-42AD-B534-647ABEF82862}.Release|Any CPU.ActiveCfg = Release|Any CPU
		{5BAA84E9-2B3F-42AD-B534-647ABEF82862}.Release|Any CPU.Build.0 = Release|Any CPU
		{5BAA84E9-2B3F-42AD-B534-647ABEF82862}.Release|x64.ActiveCfg = Release|Any CPU
		{5BAA84E9-2B3F-42AD-B534-647ABEF82862}.Release|x64.Build.0 = Release|Any CPU
		{5BAA84E9-2B3F-42AD-B534-647ABEF82862}.Release|x86.ActiveCfg = Release|Any CPU
		{5BAA84E9-2B3F-42AD-B534-647ABEF82862}.Release|x86.Build.0 = Release|Any CPU
		{C96E4BE4-0592-4BB8-9C16-E949425FA74C}.Debug|Any CPU.ActiveCfg = Debug|Any CPU
		{C96E4BE4-0592-4BB8-9C16-E949425FA74C}.Debug|Any CPU.Build.0 = Debug|Any CPU
		{C96E4BE4-0592-4BB8-9C16-E949425FA74C}.Debug|x64.ActiveCfg = Debug|Any CPU
		{C96E4BE4-0592-4BB8-9C16-E949425FA74C}.Debug|x64.Build.0 = Debug|Any CPU
		{C96E4BE4-0592-4BB8-9C16-E949425FA74C}.Debug|x86.ActiveCfg = Debug|Any CPU
		{C96E4BE4-0592-4BB8-9C16-E949425FA74C}.Debug|x86.Build.0 = Debug|Any CPU
		{C96E4BE4-0592-4BB8-9C16-E949425FA74C}.Release|Any CPU.ActiveCfg = Release|Any CPU
		{C96E4BE4-0592-4BB8-9C16-E949425FA74C}.Release|Any CPU.Build.0 = Release|Any CPU
		{C96E4BE4-0592-4BB8-9C16-E949425FA74C}.Release|x64.ActiveCfg = Release|Any CPU
		{C96E4BE4-0592-4BB8-9C16-E949425FA74C}.Release|x64.Build.0 = Release|Any CPU
		{C96E4BE4-0592-4BB8-9C16-E949425FA74C}.Release|x86.ActiveCfg = Release|Any CPU
		{C96E4BE4-0592-4BB8-9C16-E949425FA74C}.Release|x86.Build.0 = Release|Any CPU
		{4AC59902-E086-482E-9630-DB03CFEA9F0F}.Debug|Any CPU.ActiveCfg = Debug|Any CPU
		{4AC59902-E086-482E-9630-DB03CFEA9F0F}.Debug|Any CPU.Build.0 = Debug|Any CPU
		{4AC59902-E086-482E-9630-DB03CFEA9F0F}.Debug|x64.ActiveCfg = Debug|Any CPU
		{4AC59902-E086-482E-9630-DB03CFEA9F0F}.Debug|x64.Build.0 = Debug|Any CPU
		{4AC59902-E086-482E-9630-DB03CFEA9F0F}.Debug|x86.ActiveCfg = Debug|Any CPU
		{4AC59902-E086-482E-9630-DB03CFEA9F0F}.Debug|x86.Build.0 = Debug|Any CPU
		{4AC59902-E086-482E-9630-DB03CFEA9F0F}.Release|Any CPU.ActiveCfg = Release|Any CPU
		{4AC59902-E086-482E-9630-DB03CFEA9F0F}.Release|Any CPU.Build.0 = Release|Any CPU
		{4AC59902-E086-482E-9630-DB03CFEA9F0F}.Release|x64.ActiveCfg = Release|Any CPU
		{4AC59902-E086-482E-9630-DB03CFEA9F0F}.Release|x64.Build.0 = Release|Any CPU
		{4AC59902-E086-482E-9630-DB03CFEA9F0F}.Release|x86.ActiveCfg = Release|Any CPU
		{4AC59902-E086-482E-9630-DB03CFEA9F0F}.Release|x86.Build.0 = Release|Any CPU
		{736567F2-C8E4-469A-A427-0C519A199D73}.Debug|Any CPU.ActiveCfg = Debug|Any CPU
		{736567F2-C8E4-469A-A427-0C519A199D73}.Debug|Any CPU.Build.0 = Debug|Any CPU
		{736567F2-C8E4-469A-A427-0C519A199D73}.Debug|x64.ActiveCfg = Debug|Any CPU
		{736567F2-C8E4-469A-A427-0C519A199D73}.Debug|x64.Build.0 = Debug|Any CPU
		{736567F2-C8E4-469A-A427-0C519A199D73}.Debug|x86.ActiveCfg = Debug|Any CPU
		{736567F2-C8E4-469A-A427-0C519A199D73}.Debug|x86.Build.0 = Debug|Any CPU
		{736567F2-C8E4-469A-A427-0C519A199D73}.Release|Any CPU.ActiveCfg = Release|Any CPU
		{736567F2-C8E4-469A-A427-0C519A199D73}.Release|Any CPU.Build.0 = Release|Any CPU
		{736567F2-C8E4-469A-A427-0C519A199D73}.Release|x64.ActiveCfg = Release|Any CPU
		{736567F2-C8E4-469A-A427-0C519A199D73}.Release|x64.Build.0 = Release|Any CPU
		{736567F2-C8E4-469A-A427-0C519A199D73}.Release|x86.ActiveCfg = Release|Any CPU
		{736567F2-C8E4-469A-A427-0C519A199D73}.Release|x86.Build.0 = Release|Any CPU
	EndGlobalSection
	GlobalSection(SolutionProperties) = preSolution
		HideSolutionNode = FALSE
	EndGlobalSection
	GlobalSection(NestedProjects) = preSolution
		{16CB14FC-816C-42E2-B1DB-0C6525F5BF77} = {827E0CD3-B72D-47B6-A68D-7590B98EB39B}
		{7EF64E47-5888-4A9C-AE1C-94706F9BFE03} = {827E0CD3-B72D-47B6-A68D-7590B98EB39B}
		{5BAA84E9-2B3F-42AD-B534-647ABEF82862} = {827E0CD3-B72D-47B6-A68D-7590B98EB39B}
		{C96E4BE4-0592-4BB8-9C16-E949425FA74C} = {827E0CD3-B72D-47B6-A68D-7590B98EB39B}
		{4AC59902-E086-482E-9630-DB03CFEA9F0F} = {827E0CD3-B72D-47B6-A68D-7590B98EB39B}
		{736567F2-C8E4-469A-A427-0C519A199D73} = {5D20AA90-6969-D8BD-9DCD-8634F4692FDA}
	EndGlobalSection
EndGlobal
